# THIS IS AN AUTOGENERATED FILE. DO NOT EDIT THIS FILE DIRECTLY.
# yarn lockfile v1


express-formidable@^1.2.0:
  version "1.2.0"
  resolved "https://registry.yarnpkg.com/express-formidable/-/express-formidable-1.2.0.tgz#6b05bc05da9e4cd712cac166fcb41ef7172b760c"
  integrity sha512-w1vXjF3gb50UKTNkFaW8/4rqY4dUrKfZ1sAZzwAF9YxCAgj/29QZsycf71di0GkskrZOAkubk9pvGYfxyAMYiw==
  dependencies:
    formidable "^1.0.17"

formidable@^1.0.17:
  version "1.2.6"
  resolved "https://registry.yarnpkg.com/formidable/-/formidable-1.2.6.tgz#d2a51d60162bbc9b4a055d8457a7c75315d1a168"
  integrity sha512-KcpbcpuLNOwrEjnbpMC0gS+X8ciDoZE1kkqzat4a8vrprf+s9pKNQ/QIwWfbfs4ltgmFl3MD177SNTkve3BwGQ==
